{"SurveyEntry":{"SurveyID":"SV_39OIN9vDgxsP6Rg","SurveyName":"\u30c6\u30b9\u30c8","SurveyDescription":null,"SurveyOwnerID":"UR_6SzaU5AA07hHCwS","SurveyBrandID":"kandaisojo","DivisionID":null,"SurveyLanguage":"EN","SurveyActiveResponseSet":"RS_5zEOt9dswoujTuu","SurveyStatus":"Inactive","SurveyStartDate":"0000-00-00 00:00:00","SurveyExpirationDate":"0000-00-00 00:00:00","SurveyCreationDate":"2025-04-28 20:38:19","CreatorID":"UR_6SzaU5AA07hHCwS","LastModified":"2025-05-27 02:08:28","LastAccessed":"0000-00-00 00:00:00","LastActivated":"0000-00-00 00:00:00","Deleted":null},"SurveyElements":[{"SurveyID":"SV_39OIN9vDgxsP6Rg","Element":"BL","PrimaryAttribute":"Survey Blocks","SecondaryAttribute":null,"TertiaryAttribute":null,"Payload":[{"Type":"Default","Description":"Intro","ID":"BL_0fGjOPAteNd5G9E","BlockElements":[{"Type":"Question","QuestionID":"QID2"}]},{"Type":"Trash","Description":"Trash \/ Unused Questions","ID":"BL_4T8XR3Zrq8BeIVE","BlockElements":[{"Type":"Question","QuestionID":"QID1"}]},{"Type":"Standard","SubType":"","Description":"List_c","ID":"BL_6zmXtHsvGZHFhqK","BlockElements":[{"Type":"Question","QuestionID":"QID3"}]},{"Type":"Standard","SubType":"","Description":"List_t1","ID":"BL_0jtWZD6nGqEWVSu","BlockElements":[{"Type":"Question","QuestionID":"QID4"}]},{"Type":"Standard","SubType":"","Description":"List_t2","ID":"BL_03ppTbCJ0yj1FXM","BlockElements":[{"Type":"Question","QuestionID":"QID5"}]}]},{"SurveyID":"SV_39OIN9vDgxsP6Rg","Element":"FL","PrimaryAttribute":"Survey Flow","SecondaryAttribute":null,"TertiaryAttribute":null,"Payload":{"Type":"Root","FlowID":"FL_1","Flow":[{"Type":"EmbeddedData","FlowID":"FL_4","EmbeddedData":[{"Description":"Group","Type":"Recipient","Field":"Group","VariableType":"String","DataVisibility":[],"AnalyzeText":false},{"Description":"List_1","Type":"Recipient","Field":"List_1","VariableType":"String","DataVisibility":[],"AnalyzeText":false},{"Description":"List_2","Type":"Recipient","Field":"List_2","VariableType":"String","DataVisibility":[],"AnalyzeText":false},{"Description":"List_3","Type":"Recipient","Field":"List_3","VariableType":"String","DataVisibility":[],"AnalyzeText":false},{"Description":"List_4","Type":"Recipient","Field":"List_4","VariableType":"String","DataVisibility":[],"AnalyzeText":false},{"Description":"List_5","Type":"Recipient","Field":"List_5","VariableType":"String","DataVisibility":[],"AnalyzeText":false}]},{"Type":"Block","ID":"BL_0fGjOPAteNd5G9E","FlowID":"FL_2","Autofill":[]},{"Type":"Branch","FlowID":"FL_7","Description":"New Branch","BranchLogic":{"0":{"0":{"LogicType":"EmbeddedField","LeftOperand":"Group","Operator":"EqualTo","RightOperand":"0","_HiddenExpression":false,"Type":"Expression","Description":"<span class=\"ConjDesc\">If<\/span> <span class=\"LeftOpDesc\">Group<\/span> <span class=\"OpDesc\">Is Equal to<\/span> <span class=\"RightOpDesc\"> 0 <\/span>"},"Type":"If"},"Type":"BooleanExpression"},"Flow":[{"Type":"Standard","ID":"BL_6zmXtHsvGZHFhqK","FlowID":"FL_3","Autofill":[]}]},{"Type":"Branch","FlowID":"FL_8","Description":"New Branch","BranchLogic":{"0":{"0":{"LogicType":"EmbeddedField","LeftOperand":"Group","Operator":"EqualTo","RightOperand":"1","_HiddenExpression":false,"Type":"Expression","Description":"<span class=\"ConjDesc\">If<\/span> <span class=\"LeftOpDesc\">Group<\/span> <span class=\"OpDesc\">Is Equal to<\/span> <span class=\"RightOpDesc\"> 1 <\/span>"},"Type":"If"},"Type":"BooleanExpression"},"Flow":[{"Type":"Standard","ID":"BL_0jtWZD6nGqEWVSu","FlowID":"FL_5","Autofill":[]}]},{"Type":"Branch","FlowID":"FL_9","Description":"New Branch","BranchLogic":{"0":{"0":{"LogicType":"EmbeddedField","LeftOperand":"Group","Operator":"EqualTo","RightOperand":"2","_HiddenExpression":false,"Type":"Expression","Description":"<span class=\"ConjDesc\">If<\/span> <span class=\"LeftOpDesc\">Group<\/span> <span class=\"OpDesc\">Is Equal to<\/span> <span class=\"RightOpDesc\"> 2 <\/span>"},"Type":"If"},"Type":"BooleanExpression"},"Flow":[{"Type":"Standard","ID":"BL_03ppTbCJ0yj1FXM","FlowID":"FL_6","Autofill":[]}]}],"Properties":{"Count":9}}},{"SurveyID":"SV_39OIN9vDgxsP6Rg","Element":"PL","PrimaryAttribute":"Preview Link","SecondaryAttribute":null,"TertiaryAttribute":null,"Payload":{"PreviewType":"Brand","PreviewID":"75c79aa9-c199-44aa-8b65-134c1143119b"}},{"SurveyID":"SV_39OIN9vDgxsP6Rg","Element":"PROJ","PrimaryAttribute":"CORE","SecondaryAttribute":null,"TertiaryAttribute":"1.1.0","Payload":{"ProjectCategory":"CORE","SchemaVersion":"1.1.0"}},{"SurveyID":"SV_39OIN9vDgxsP6Rg","Element":"QC","PrimaryAttribute":"Survey Question Count","SecondaryAttribute":"5","TertiaryAttribute":null,"Payload":null},{"SurveyID":"SV_39OIN9vDgxsP6Rg","Element":"RS","PrimaryAttribute":"RS_5zEOt9dswoujTuu","SecondaryAttribute":"Default Response Set","TertiaryAttribute":null,"Payload":null},{"SurveyID":"SV_39OIN9vDgxsP6Rg","Element":"SCO","PrimaryAttribute":"Scoring","SecondaryAttribute":null,"TertiaryAttribute":null,"Payload":{"ScoringCategories":[],"ScoringCategoryGroups":[],"ScoringSummaryCategory":null,"ScoringSummaryAfterQuestions":0,"ScoringSummaryAfterSurvey":0,"DefaultScoringCategory":null,"AutoScoringCategory":null}},{"SurveyID":"SV_39OIN9vDgxsP6Rg","Element":"SO","PrimaryAttribute":"Survey Options","SecondaryAttribute":null,"TertiaryAttribute":null,"Payload":{"BackButton":"false","SaveAndContinue":"true","SurveyProtection":"PublicSurvey","BallotBoxStuffingPrevention":"false","NoIndex":"Yes","SecureResponseFiles":"true","SurveyExpiration":"None","SurveyTermination":"DefaultMessage","Header":"","Footer":"","ProgressBarDisplay":"None","PartialData":"+1 week","ValidationMessage":"","PreviousButton":"","NextButton":"","SurveyTitle":"Qualtrics Survey | Qualtrics Experience Management","SkinLibrary":"Qualtrics","SkinType":"templated","Skin":{"brandingId":null,"templateId":"*base","overrides":null},"NewScoring":1,"SurveyMetaDescription":"The most powerful, simple and trusted way to gather experience data. Start your journey to experience management and try a free account today."}},{"SurveyID":"SV_39OIN9vDgxsP6Rg","Element":"SQ","PrimaryAttribute":"QID1","SecondaryAttribute":"\u671d\u98df\u98df\u3079\u305f\u3093\uff1f","TertiaryAttribute":null,"Payload":{"QuestionText":"\u671d\u98df\u98df\u3079\u305f\u3093\uff1f","DefaultChoices":false,"DataExportTag":"Q1","QuestionID":"QID1","QuestionType":"Matrix","Selector":"Likert","SubSelector":"SingleAnswer","DataVisibility":{"Private":false,"Hidden":false},"Configuration":{"QuestionDescriptionOption":"UseText","TextPosition":"inline","ChoiceColumnWidth":25,"RepeatHeaders":"none","WhiteSpace":"OFF","MobileFirst":true},"QuestionDescription":"\u671d\u98df\u98df\u3079\u305f\u3093\uff1f","Choices":{"1":{"Display":"\u5e7c\u5c11\u671f\uff08\u5c0f\u5b66\u751f\uff09"},"2":{"Display":"\u73fe\u5728"}},"ChoiceOrder":[1,2],"Validation":{"Settings":{"ForceResponse":"OFF","Type":"None"}},"GradingData":[],"Language":[],"NextChoiceId":3,"NextAnswerId":5,"Answers":{"1":{"Display":"\u98df\u3079\u305f\uff08\u6bce\u65e5\uff09"},"2":{"Display":"\u98df\u3079\u305f\uff08\u90313\u301c5\u56de\uff09"},"3":{"Display":"\u98df\u3079\u305f\uff08\u90311\u301c2\u56de\uff09"},"4":{"Display":"\u98df\u3079\u306a\u304b\u3063\u305f"}},"AnswerOrder":[1,2,3,4],"ChoiceDataExportTags":false}},{"SurveyID":"SV_39OIN9vDgxsP6Rg","Element":"SQ","PrimaryAttribute":"QID2","SecondaryAttribute":"\u8abf\u67fb\u540c\u610f\u66f8","TertiaryAttribute":null,"Payload":{"QuestionText":"\u8abf\u67fb\u540c\u610f\u66f8","DefaultChoices":false,"DataExportTag":"Intro","QuestionID":"QID2","QuestionType":"DB","Selector":"TB","DataVisibility":{"Private":false,"Hidden":false},"Configuration":{"QuestionDescriptionOption":"UseText","TextPosition":"inline"},"QuestionDescription":"\u8abf\u67fb\u540c\u610f\u66f8","ChoiceOrder":[],"Validation":{"Settings":{"Type":"None"}},"GradingData":[],"Language":[],"NextChoiceId":3,"NextAnswerId":4,"QuestionJS":"Qualtrics.SurveyEngine.addOnload(function()\n{\n\t\/* \u7d71\u5236\u9805\u76ee\u3068\u51e6\u7f6e\u9805\u76ee\u306e\u914d\u5217\n   1. \u7d71\u5236\u7fa4\u306e\u9805\u76ee\u306fcontrolArray\u5185\u306b\u5165\u529b\n      - \u5404\u9805\u76ee\u306f\"\"\u3067\u56f2\u307f\u3001\u30ab\u30f3\u30de\uff08,\uff09\u3067\u533a\u5207\u308b\n   2. \u51e6\u7f6e\u7fa4\u306e\u9805\u76ee\u3092treatArray\u5185\u306b\u5165\u529b\n      - \u66f8\u304d\u65b9\u306f\u7d71\u5236\u7fa4\u3068\u540c\u3058\n      - \u51e6\u7f6e\u7fa4\u304c2\u3064\u306e\u5834\u5408\u3001[\"Sensitive Item 1\", \"Sensitive Item 2\"]; \u306e\u3088\u3046\u306b\u66f8\u304f\n   3. Qualtrics\u306e\u6700\u521d\u306e\u8cea\u554f\u6587\u306b\u3053\u306eJavaScript\u3092\u8cbc\u308a\u4ed8\u3051\u308b\uff08\u5185\uff09\n   4. Survey Flow\u306e\u6700\u521d\u306e\u30d6\u30ed\u30c3\u30af\u3068\u3057\u3066Embeded Data\u3092\u5165\u308c\u3001Group\u3001List_1\u3001List_2\u3001...\u3092\u5165\u308c\u308b\u3002\n      - \u7d71\u5236\u9805\u76ee\u306e\u6570 + 1\u307e\u3067\u3002\u305f\u3068\u3048\u3070\u3001\u7d71\u5236\u9805\u76ee\u304c4\u500b\u306a\u3089 List_5 \u307e\u3067\u4f5c\u6210\n   *\/\n   var controlArray = [\"Control Item 1\", \n                       \"Control Item 2\", \n                       \"Control Item 3\", \n                       \"Control Item 4\"];\n   var treatArray   = [\"Sensitive Item 1\",\n\t\t\t\t\t   \"Sensitive Item 2\"];\n\n   \/\/ \u4ee5\u4e0b\u304b\u3089\u306f\u4fee\u6b63\u3057\u306a\u304f\u3066\u3082\u826f\u3044\n   var group = Math.floor(Math.random() * (treatArray.length + 1));\n\n   if (group === 0) {\n     var ListArray = controlArray;\n   } else {\n     var ListArray = controlArray.concat(treatArray[group - 1]);\n   } \n\n   \/\/console.log(ListArray) \/\/ \u30c7\u30d0\u30c3\u30b0\u7528\n\n   for (let i = ListArray.length - 1; i > 0; i--) {\n     const j = Math.floor(Math.random() * (i + 1));\n     [ListArray[i], ListArray[j]] = [ListArray[j], ListArray[i]];\n   }\n\n   Qualtrics.SurveyEngine.setEmbeddedData(\"Group\", group); \/\/ \u672c\u756a\u7528\n   \/\/console.log(group); \/\/ \u30c7\u30d0\u30c3\u30b0\u7528\n   \n   ListArray.forEach((value, index) => {\n     Qualtrics.SurveyEngine.setEmbeddedData(\"List_\" + (index + 1), value); \/\/ \u672c\u756a\u7528\n     \/\/console.log(value) \/\/ \u30c7\u30d0\u30c3\u30b0\u8981\n   });\n\n});\n\nQualtrics.SurveyEngine.addOnReady(function()\n{\n\t\/*Place your JavaScript here to run when the page is fully displayed*\/\n\n});\n\nQualtrics.SurveyEngine.addOnUnload(function()\n{\n\t\/*Place your JavaScript here to run when the page is unloaded*\/\n\n});"}},{"SurveyID":"SV_39OIN9vDgxsP6Rg","Element":"SQ","PrimaryAttribute":"QID3","SecondaryAttribute":"\u7d71\u5236\u7fa4\u3067\u3059 \u00a0 ${e:\/\/Field\/List_1} ${e:\/\/Field\/List_2} ${e:\/\/Field\/List_3} ${e:\/\/Field\/List_4}","TertiaryAttribute":null,"Payload":{"QuestionText":"\u7d71\u5236\u7fa4\u3067\u3059<br \/>\n&nbsp;\n<ul>\n\t<li>${e:\/\/Field\/List_1}<\/li>\n\t<li>${e:\/\/Field\/List_2}<\/li>\n\t<li>${e:\/\/Field\/List_3}<\/li>\n\t<li>${e:\/\/Field\/List_4}<\/li>\n<\/ul>","DefaultChoices":false,"DataExportTag":"list_c","QuestionType":"MC","Selector":"SAVR","SubSelector":"TX","DataVisibility":{"Private":false,"Hidden":false},"Configuration":{"QuestionDescriptionOption":"UseText"},"QuestionDescription":"\u7d71\u5236\u7fa4\u3067\u3059 \u00a0 ${e:\/\/Field\/List_1} ${e:\/\/Field\/List_2} ${e:\/\/Field\/List_3} ${e:\/\/Field\/List_4}","Choices":{"1":{"Display":"0\u500b\uff08\u3044\u305a\u308c\u3082\u5f53\u3066\u306f\u3089\u307e\u306a\u3044\uff09"},"2":{"Display":"1\u500b"},"3":{"Display":"2\u500b"},"4":{"Display":"3\u500b"},"5":{"Display":"4\u500b\uff08\u3059\u3079\u3066\u5f53\u3066\u306f\u307e\u308b\uff09"}},"ChoiceOrder":[1,2,3,4,5],"Validation":{"Settings":{"ForceResponse":"ON","ForceResponseType":"ON","Type":"None"}},"GradingData":[],"Language":[],"NextChoiceId":6,"NextAnswerId":1,"QuestionID":"QID3"}},{"SurveyID":"SV_39OIN9vDgxsP6Rg","Element":"SQ","PrimaryAttribute":"QID4","SecondaryAttribute":"\u51e6\u7f6e\u7fa41\u3067\u3059\u3002 \u00a0 ${e:\/\/Field\/List_1} ${e:\/\/Field\/List_2} ${e:\/\/Field\/List_3} ${e:\/\/Field\/List_","TertiaryAttribute":null,"Payload":{"QuestionText":"\u51e6\u7f6e\u7fa41\u3067\u3059\u3002<br \/>\n&nbsp;\n<ul>\n\t<li>${e:\/\/Field\/List_1}<\/li>\n\t<li>${e:\/\/Field\/List_2}<\/li>\n\t<li>${e:\/\/Field\/List_3}<\/li>\n\t<li>${e:\/\/Field\/List_4}<\/li>\n\t<li>${e:\/\/Field\/List_5}<\/li>\n<\/ul>","DefaultChoices":false,"QuestionType":"MC","Selector":"SAVR","SubSelector":"TX","DataVisibility":{"Private":false,"Hidden":false},"Configuration":{"QuestionDescriptionOption":"UseText"},"QuestionDescription":"\u51e6\u7f6e\u7fa41\u3067\u3059\u3002 \u00a0 ${e:\/\/Field\/List_1} ${e:\/\/Field\/List_2} ${e:\/\/Field\/List_3} ${e:\/\/Field\/List_4} ...","Choices":{"1":{"Display":"0\u500b\uff08\u3044\u305a\u308c\u3082\u5f53\u3066\u306f\u3089\u307e\u306a\u3044\uff09"},"2":{"Display":"1\u500b"},"3":{"Display":"2\u500b"},"4":{"Display":"3\u500b"},"5":{"Display":"4\u500b"},"6":{"Display":"5\u500b\uff08\u3059\u3079\u3066\u5f53\u3066\u306f\u307e\u308b\uff09"}},"ChoiceOrder":[1,2,3,4,5,6],"Validation":{"Settings":{"ForceResponse":"ON","ForceResponseType":"ON","Type":"None"}},"GradingData":[],"Language":[],"NextChoiceId":7,"NextAnswerId":1,"QuestionText_Unsafe":"<ul>\n\t<li>${e:\/\/Field\/Group}<\/li>\n\t<li>${e:\/\/Field\/List_1}<\/li>\n\t<li>${e:\/\/Field\/List_2}<\/li>\n\t<li>${e:\/\/Field\/List_3}<\/li>\n\t<li>${e:\/\/Field\/List_4}<\/li>\n<\/ul>","DataExportTag":"list_t1","QuestionID":"QID4"}},{"SurveyID":"SV_39OIN9vDgxsP6Rg","Element":"SQ","PrimaryAttribute":"QID5","SecondaryAttribute":"\u51e6\u7f6e\u7fa42\u3067\u3059\u3002 \u00a0 ${e:\/\/Field\/List_1} ${e:\/\/Field\/List_2} ${e:\/\/Field\/List_3} ${e:\/\/Field\/List_","TertiaryAttribute":null,"Payload":{"QuestionText":"\u51e6\u7f6e\u7fa42\u3067\u3059\u3002<br \/>\n&nbsp;\n<ul>\n\t<li>${e:\/\/Field\/List_1}<\/li>\n\t<li>${e:\/\/Field\/List_2}<\/li>\n\t<li>${e:\/\/Field\/List_3}<\/li>\n\t<li>${e:\/\/Field\/List_4}<\/li>\n\t<li>${e:\/\/Field\/List_5}<\/li>\n<\/ul>","DefaultChoices":false,"QuestionType":"MC","Selector":"SAVR","SubSelector":"TX","DataVisibility":{"Private":false,"Hidden":false},"Configuration":{"QuestionDescriptionOption":"UseText"},"QuestionDescription":"\u51e6\u7f6e\u7fa42\u3067\u3059\u3002 \u00a0 ${e:\/\/Field\/List_1} ${e:\/\/Field\/List_2} ${e:\/\/Field\/List_3} ${e:\/\/Field\/List_4} ...","Choices":{"1":{"Display":"0\u500b\uff08\u3044\u305a\u308c\u3082\u5f53\u3066\u306f\u3089\u307e\u306a\u3044\uff09"},"2":{"Display":"1\u500b"},"3":{"Display":"2\u500b"},"4":{"Display":"3\u500b"},"5":{"Display":"4\u500b"},"6":{"Display":"5\u500b\uff08\u3059\u3079\u3066\u5f53\u3066\u306f\u307e\u308b\uff09"}},"ChoiceOrder":[1,2,3,4,5,6],"Validation":{"Settings":{"ForceResponse":"ON","ForceResponseType":"ON","Type":"None"}},"GradingData":[],"Language":[],"NextChoiceId":7,"NextAnswerId":1,"QuestionText_Unsafe":"<ul>\n\t<li>${e:\/\/Field\/Group}<\/li>\n\t<li>${e:\/\/Field\/List_1}<\/li>\n\t<li>${e:\/\/Field\/List_2}<\/li>\n\t<li>${e:\/\/Field\/List_3}<\/li>\n\t<li>${e:\/\/Field\/List_4}<\/li>\n\t<li>${e:\/\/Field\/List_5}<\/li>\n<\/ul>","DataExportTag":"list_t2","QuestionID":"QID5"}},{"SurveyID":"SV_39OIN9vDgxsP6Rg","Element":"STAT","PrimaryAttribute":"Survey Statistics","SecondaryAttribute":null,"TertiaryAttribute":null,"Payload":{"MobileCompatible":true,"ID":"Survey Statistics"}}]}